
Microsoft Visual Studio Solution File, Format Version 12.00
# Visual Studio 15
VisualStudioVersion = 15.0.27130.2027
MinimumVisualStudioVersion = 10.0.40219.1
Project("{9A19103F-16F7-4668-BE54-9A1E7A4F7556}") = "Injector.Core", "Injector.Core\Injector.Core.csproj", "{9A2F2E9F-D314-4B7A-BA8D-8522BB91A114}"
EndProject
Project("{FAE04EC0-301F-11D3-BF4B-00C04F79EFBC}") = "Injector.Console", "Injector.Console\Injector.Console.csproj", "{E677DE19-10C7-4981-BC7A-F49AE07E3391}"
EndProject
Project("{FAE04EC0-301F-11D3-BF4B-00C04F79EFBC}") = "Bombergrounds.Assembly", "Bombergrounds.Assembly\Bombergrounds.Assembly.csproj", "{0887773C-D056-443A-9327-CA5BB47480F9}"
EndProject
Global
	GlobalSection(SolutionConfigurationPlatforms) = preSolution
		Debug|Any CPU = Debug|Any CPU
		Debug|x64 = Debug|x64
		Debug|x86 = Debug|x86
		Release|Any CPU = Release|Any CPU
		Release|x64 = Release|x64
		Release|x86 = Release|x86
	EndGlobalSection
	GlobalSection(ProjectConfigurationPlatforms) = postSolution
		{9A2F2E9F-D314-4B7A-BA8D-8522BB91A114}.Debug|Any CPU.ActiveCfg = Debug|Any CPU
		{9A2F2E9F-D314-4B7A-BA8D-8522BB91A114}.Debug|Any CPU.Build.0 = Debug|Any CPU
		{9A2F2E9F-D314-4B7A-BA8D-8522BB91A114}.Debug|x64.ActiveCfg = Debug|Any CPU
		{9A2F2E9F-D314-4B7A-BA8D-8522BB91A114}.Debug|x64.Build.0 = Debug|Any CPU
		{9A2F2E9F-D314-4B7A-BA8D-8522BB91A114}.Debug|x86.ActiveCfg = Debug|Any CPU
		{9A2F2E9F-D314-4B7A-BA8D-8522BB91A114}.Debug|x86.Build.0 = Debug|Any CPU
		{9A2F2E9F-D314-4B7A-BA8D-8522BB91A114}.Release|Any CPU.ActiveCfg = Release|Any CPU
		{9A2F2E9F-D314-4B7A-BA8D-8522BB91A114}.Release|Any CPU.Build.0 = Release|Any CPU
		{9A2F2E9F-D314-4B7A-BA8D-8522BB91A114}.Release|x64.ActiveCfg = Release|Any CPU
		{9A2F2E9F-D314-4B7A-BA8D-8522BB91A114}.Release|x64.Build.0 = Release|Any CPU
		{9A2F2E9F-D314-4B7A-BA8D-8522BB91A114}.Release|x86.ActiveCfg = Release|Any CPU
		{9A2F2E9F-D314-4B7A-BA8D-8522BB91A114}.Release|x86.Build.0 = Release|Any CPU
		{E677DE19-10C7-4981-BC7A-F49AE07E3391}.Debug|Any CPU.ActiveCfg = Debug|Any CPU
		{E677DE19-10C7-4981-BC7A-F49AE07E3391}.Debug|Any CPU.Build.0 = Debug|Any CPU
		{E677DE19-10C7-4981-BC7A-F49AE07E3391}.Debug|x64.ActiveCfg = Debug|Any CPU
		{E677DE19-10C7-4981-BC7A-F49AE07E3391}.Debug|x64.Build.0 = Debug|Any CPU
		{E677DE19-10C7-4981-BC7A-F49AE07E3391}.Debug|x86.ActiveCfg = Debug|Any CPU
		{E677DE19-10C7-4981-BC7A-F49AE07E3391}.Debug|x86.Build.0 = Debug|Any CPU
		{E677DE19-10C7-4981-BC7A-F49AE07E3391}.Release|Any CPU.ActiveCfg = Release|Any CPU
		{E677DE19-10C7-4981-BC7A-F49AE07E3391}.Release|Any CPU.Build.0 = Release|Any CPU
		{E677DE19-10C7-4981-BC7A-F49AE07E3391}.Release|x64.ActiveCfg = Release|Any CPU
		{E677DE19-10C7-4981-BC7A-F49AE07E3391}.Release|x64.Build.0 = Release|Any CPU
		{E677DE19-10C7-4981-BC7A-F49AE07E3391}.Release|x86.ActiveCfg = Release|Any CPU
		{E677DE19-10C7-4981-BC7A-F49AE07E3391}.Release|x86.Build.0 = Release|Any CPU
		{0887773C-D056-443A-9327-CA5BB47480F9}.Debug|Any CPU.ActiveCfg = Debug|Any CPU
		{0887773C-D056-443A-9327-CA5BB47480F9}.Debug|Any CPU.Build.0 = Debug|Any CPU
		{0887773C-D056-443A-9327-CA5BB47480F9}.Debug|x64.ActiveCfg = Debug|Any CPU
		{0887773C-D056-443A-9327-CA5BB47480F9}.Debug|x64.Build.0 = Debug|Any CPU
		{0887773C-D056-443A-9327-CA5BB47480F9}.Debug|x86.ActiveCfg = Debug|Any CPU
		{0887773C-D056-443A-9327-CA5BB47480F9}.Debug|x86.Build.0 = Debug|Any CPU
		{0887773C-D056-443A-9327-CA5BB47480F9}.Release|Any CPU.ActiveCfg = Release|Any CPU
		{0887773C-D056-443A-9327-CA5BB47480F9}.Release|Any CPU.Build.0 = Release|Any CPU
		{0887773C-D056-443A-9327-CA5BB47480F9}.Release|x64.ActiveCfg = Release|Any CPU
		{0887773C-D056-443A-9327-CA5BB47480F9}.Release|x64.Build.0 = Release|Any CPU
		{0887773C-D056-443A-9327-CA5BB47480F9}.Release|x86.ActiveCfg = Release|Any CPU
		{0887773C-D056-443A-9327-CA5BB47480F9}.Release|x86.Build.0 = Release|Any CPU
	EndGlobalSection
	GlobalSection(SolutionProperties) = preSolution
		HideSolutionNode = FALSE
	EndGlobalSection
	GlobalSection(ExtensibilityGlobals) = postSolution
		SolutionGuid = {CA90DDAC-6FCC-44B2-9B9B-F96654D07613}
	EndGlobalSection
EndGlobal
